
Microsoft Visual Studio Solution File, Format Version 12.00
# Visual Studio 14
VisualStudioVersion = 14.0.25420.1
MinimumVisualStudioVersion = 10.0.40219.1
Project("{FAE04EC0-301F-11D3-BF4B-00C04F79EFBC}") = "dc", "dc\dc.csproj", "{B62362E2-62DC-4A93-A896-41D833D21374}"
EndProject
Project("{FAE04EC0-301F-11D3-BF4B-00C04F79EFBC}") = "dchost", "dchost\dchost.csproj", "{2D23788B-783C-4F1B-9AF5-ADD970346D1B}"
EndProject
Global
	GlobalSection(SolutionConfigurationPlatforms) = preSolution
		Debug|Any CPU = Debug|Any CPU
		Release|Any CPU = Release|Any CPU
	EndGlobalSection
	GlobalSection(ProjectConfigurationPlatforms) = postSolution
		{B62362E2-62DC-4A93-A896-41D833D21374}.Debug|Any CPU.ActiveCfg = Debug|Any CPU
		{B62362E2-62DC-4A93-A896-41D833D21374}.Debug|Any CPU.Build.0 = Debug|Any CPU
		{B62362E2-62DC-4A93-A896-41D833D21374}.Release|Any CPU.ActiveCfg = Release|Any CPU
		{B62362E2-62DC-4A93-A896-41D833D21374}.Release|Any CPU.Build.0 = Release|Any CPU
		{2D23788B-783C-4F1B-9AF5-ADD970346D1B}.Debug|Any CPU.ActiveCfg = Debug|Any CPU
		{2D23788B-783C-4F1B-9AF5-ADD970346D1B}.Debug|Any CPU.Build.0 = Debug|Any CPU
		{2D23788B-783C-4F1B-9AF5-ADD970346D1B}.Release|Any CPU.ActiveCfg = Release|Any CPU
		{2D23788B-783C-4F1B-9AF5-ADD970346D1B}.Release|Any CPU.Build.0 = Release|Any CPU
	EndGlobalSection
	GlobalSection(SolutionProperties) = preSolution
		HideSolutionNode = FALSE
	EndGlobalSection
EndGlobal
